
Microsoft Visual Studio Solution File, Format Version 12.00
Project("{FAE04EC0-301F-11D3-BF4B-00C04F79EFBC}") = "Domain", "Domain\Domain.csproj", "{6958A5EC-BE7A-4BF3-99BC-1A4E1985E569}"
EndProject
Project("{FAE04EC0-301F-11D3-BF4B-00C04F79EFBC}") = "Application", "Application\Application.csproj", "{2F08588C-06CD-4B43-965C-354798BC2839}"
EndProject
Project("{FAE04EC0-301F-11D3-BF4B-00C04F79EFBC}") = "API", "API\API.csproj", "{914C8E65-B1E4-4C35-80CE-5A71B6D9D3D3}"
EndProject
Project("{FAE04EC0-301F-11D3-BF4B-00C04F79EFBC}") = "Infrastructure", "Infrastructure\Infrastructure.csproj", "{009B1CE9-310C-4240-AC43-A9B0A5ED0D44}"
EndProject
Project("{FAE04EC0-301F-11D3-BF4B-00C04F79EFBC}") = "Shared", "Shared\Shared.csproj", "{BA1B68EF-13AA-4967-AA96-2E11BA38D400}"
EndProject
Global
	GlobalSection(SolutionConfigurationPlatforms) = preSolution
		Debug|Any CPU = Debug|Any CPU
		Release|Any CPU = Release|Any CPU
	EndGlobalSection
	GlobalSection(ProjectConfigurationPlatforms) = postSolution
		{6958A5EC-BE7A-4BF3-99BC-1A4E1985E569}.Debug|Any CPU.ActiveCfg = Debug|Any CPU
		{6958A5EC-BE7A-4BF3-99BC-1A4E1985E569}.Debug|Any CPU.Build.0 = Debug|Any CPU
		{6958A5EC-BE7A-4BF3-99BC-1A4E1985E569}.Release|Any CPU.ActiveCfg = Release|Any CPU
		{6958A5EC-BE7A-4BF3-99BC-1A4E1985E569}.Release|Any CPU.Build.0 = Release|Any CPU
		{2F08588C-06CD-4B43-965C-354798BC2839}.Debug|Any CPU.ActiveCfg = Debug|Any CPU
		{2F08588C-06CD-4B43-965C-354798BC2839}.Debug|Any CPU.Build.0 = Debug|Any CPU
		{2F08588C-06CD-4B43-965C-354798BC2839}.Release|Any CPU.ActiveCfg = Release|Any CPU
		{2F08588C-06CD-4B43-965C-354798BC2839}.Release|Any CPU.Build.0 = Release|Any CPU
		{914C8E65-B1E4-4C35-80CE-5A71B6D9D3D3}.Debug|Any CPU.ActiveCfg = Debug|Any CPU
		{914C8E65-B1E4-4C35-80CE-5A71B6D9D3D3}.Debug|Any CPU.Build.0 = Debug|Any CPU
		{914C8E65-B1E4-4C35-80CE-5A71B6D9D3D3}.Release|Any CPU.ActiveCfg = Release|Any CPU
		{914C8E65-B1E4-4C35-80CE-5A71B6D9D3D3}.Release|Any CPU.Build.0 = Release|Any CPU
		{009B1CE9-310C-4240-AC43-A9B0A5ED0D44}.Debug|Any CPU.ActiveCfg = Debug|Any CPU
		{009B1CE9-310C-4240-AC43-A9B0A5ED0D44}.Debug|Any CPU.Build.0 = Debug|Any CPU
		{009B1CE9-310C-4240-AC43-A9B0A5ED0D44}.Release|Any CPU.ActiveCfg = Release|Any CPU
		{009B1CE9-310C-4240-AC43-A9B0A5ED0D44}.Release|Any CPU.Build.0 = Release|Any CPU
		{BA1B68EF-13AA-4967-AA96-2E11BA38D400}.Debug|Any CPU.ActiveCfg = Debug|Any CPU
		{BA1B68EF-13AA-4967-AA96-2E11BA38D400}.Debug|Any CPU.Build.0 = Debug|Any CPU
		{BA1B68EF-13AA-4967-AA96-2E11BA38D400}.Release|Any CPU.ActiveCfg = Release|Any CPU
		{BA1B68EF-13AA-4967-AA96-2E11BA38D400}.Release|Any CPU.Build.0 = Release|Any CPU
	EndGlobalSection
EndGlobal
